{
  "name": "shared-db",
  "version": "1.0.0",
  "lockfileVersion": 3,
  "requires": true,
  "packages": {
    "": {
      "name": "shared-db",
      "version": "1.0.0",
      "license": "ISC",
      "dependencies": {
        "@prisma/client": "^4.x.x"
      },
      "devDependencies": {
        "prisma": "^4.x.x",
        "typescript": "^4.x.x"
      }
    },
    "node_modules/@prisma/client": {
      "version": "4.16.2",
      "resolved": "https://registry.npmjs.org/@prisma/client/-/client-4.16.2.tgz",
      "integrity": "sha512-qCoEyxv1ZrQ4bKy39GnylE8Zq31IRmm8bNhNbZx7bF2cU5aiCCnSa93J2imF88MBjn7J9eUQneNxUQVJdl/rPQ==",
      "hasInstallScript": true,
      "license": "Apache-2.0",
      "dependencies": {
        "@prisma/engines-version": "4.16.1-1.4bc8b6e1b66cb932731fb1bdbbc550d1e010de81"
      },
      "engines": {
        "node": ">=14.17"
      },
      "peerDependencies": {
        "prisma": "*"
      },
      "peerDependenciesMeta": {
        "prisma": {
          "optional": true
        }
      }
    },
    "node_modules/@prisma/engines": {
      "version": "4.16.2",
      "resolved": "https://registry.npmjs.org/@prisma/engines/-/engines-4.16.2.tgz",
      "integrity": "sha512-vx1nxVvN4QeT/cepQce68deh/Turxy5Mr+4L4zClFuK1GlxN3+ivxfuv+ej/gvidWn1cE1uAhW7ALLNlYbRUAw==",
      "dev": true,
      "hasInstallScript": true,
      "license": "Apache-2.0"
    },
    "node_modules/@prisma/engines-version": {
      "version": "4.16.1-1.4bc8b6e1b66cb932731fb1bdbbc550d1e010de81",
      "resolved": "https://registry.npmjs.org/@prisma/engines-version/-/engines-version-4.16.1-1.4bc8b6e1b66cb932731fb1bdbbc550d1e010de81.tgz",
      "integrity": "sha512-q617EUWfRIDTriWADZ4YiWRZXCa/WuhNgLTVd+HqWLffjMSPzyM5uOWoauX91wvQClSKZU4pzI4JJLQ9Kl62Qg==",
      "license": "Apache-2.0"
    },
    "node_modules/prisma": {
      "version": "4.16.2",
      "resolved": "https://registry.npmjs.org/prisma/-/prisma-4.16.2.tgz",
      "integrity": "sha512-SYCsBvDf0/7XSJyf2cHTLjLeTLVXYfqp7pG5eEVafFLeT0u/hLFz/9W196nDRGUOo1JfPatAEb+uEnTQImQC1g==",
      "dev": true,
      "hasInstallScript": true,
      "license": "Apache-2.0",
      "dependencies": {
        "@prisma/engines": "4.16.2"
      },
      "bin": {
        "prisma": "build/index.js",
        "prisma2": "build/index.js"
      },
      "engines": {
        "node": ">=14.17"
      }
    },
    "node_modules/typescript": {
      "version": "4.9.5",
      "resolved": "https://registry.npmjs.org/typescript/-/typescript-4.9.5.tgz",
      "integrity": "sha512-1FXk9E2Hm+QzZQ7z+McJiHL4NW1F2EzMu9Nq9i3zAaGqibafqYwCVU6WyWAuyQRRzOlxou8xZSyXLEN8oKj24g==",
      "dev": true,
      "license": "Apache-2.0",
      "bin": {
        "tsc": "bin/tsc",
        "tsserver": "bin/tsserver"
      },
      "engines": {
        "node": ">=4.2.0"
      }
    }
  }
}
